
Microsoft Visual Studio Solution File, Format Version 12.00
# Visual Studio Version 17
VisualStudioVersion = 17.6.33829.357
MinimumVisualStudioVersion = 10.0.40219.1
Project("{FAE04EC0-301F-11D3-BF4B-00C04F79EFBC}") = "Westarter", "Westarter.csproj", "{D7D9BDA7-9565-4D59-99EF-5DB446A462DD}"
EndProject
Global
	GlobalSection(SolutionConfigurationPlatforms) = preSolution
		Debug|Any CPU = Debug|Any CPU
		Release|Any CPU = Release|Any CPU
	EndGlobalSection
	GlobalSection(ProjectConfigurationPlatforms) = postSolution
		{D7D9BDA7-9565-4D59-99EF-5DB446A462DD}.Debug|Any CPU.ActiveCfg = Debug|Any CPU
		{D7D9BDA7-9565-4D59-99EF-5DB446A462DD}.Debug|Any CPU.Build.0 = Debug|Any CPU
		{D7D9BDA7-9565-4D59-99EF-5DB446A462DD}.Release|Any CPU.ActiveCfg = Release|Any CPU
		{D7D9BDA7-9565-4D59-99EF-5DB446A462DD}.Release|Any CPU.Build.0 = Release|Any CPU
	EndGlobalSection
	GlobalSection(SolutionProperties) = preSolution
		HideSolutionNode = FALSE
	EndGlobalSection
	GlobalSection(ExtensibilityGlobals) = postSolution
		SolutionGuid = {9FDB0634-4F52-4D3E-BCF7-202EF398A63E}
	EndGlobalSection
EndGlobal
